lockfileVersion: '9.0'

settings:
  autoInstallPeers: true
  excludeLinksFromLockfile: false

importers:

  .:
    dependencies:
      react:
        specifier: ^18.3.1
        version: 18.3.1
      targetai-client-js-sdk:
        specifier: ^1.0.5
        version: 1.0.5
    devDependencies:
      '@livekit/components-react':
        specifier: ^2.9.3
        version: 2.9.9(livekit-client@2.13.3(@types/dom-mediacapture-record@1.0.22))(react-dom@18.3.1(react@18.3.1))(react@18.3.1)(tslib@2.8.1)
      '@types/node':
        specifier: ^20.17.13
        version: 20.17.50
      '@types/react':
        specifier: ^19.1.6
        version: 19.1.6
      '@types/react-dom':
        specifier: ^19.1.5
        version: 19.1.5(@types/react@19.1.6)
      framer-motion:
        specifier: ^12.14.0
        version: 12.14.0(react-dom@18.3.1(react@18.3.1))(react@18.3.1)
      livekit-client:
        specifier: ^2.8.0
        version: 2.13.3(@types/dom-mediacapture-record@1.0.22)
      retell-client-js-sdk:
        specifier: ^2.0.7
        version: 2.0.7(@types/dom-mediacapture-record@1.0.22)
      typescript:
        specifier: ^5.7.3
        version: 5.8.3

packages:

  '@bufbuild/protobuf@1.10.1':
    resolution: {integrity: sha512-wJ8ReQbHxsAfXhrf9ixl0aYbZorRuOWpBNzm8pL8ftmSxQx/wnJD5Eg861NwJU/czy2VXFIebCeZnZrI9rktIQ==}

  '@floating-ui/core@1.7.0':
    resolution: {integrity: sha512-FRdBLykrPPA6P76GGGqlex/e7fbe0F1ykgxHYNXQsH/iTEtjMj/f9bpY5oQqbjt5VgZvgz/uKXbGuROijh3VLA==}

  '@floating-ui/dom@1.6.13':
    resolution: {integrity: sha512-umqzocjDgNRGTuO7Q8CU32dkHkECqI8ZdMZ5Swb6QAM0t5rnlrN3lGo1hdpscRd3WS8T6DKYK4ephgIH9iRh3w==}

  '@floating-ui/utils@0.2.9':
    resolution: {integrity: sha512-MDWhGtE+eHw5JW7lq4qhc5yRLS11ERl1c7Z6Xd0a58DozHES6EnNNwUWbMiG4J9Cgj053Bhk8zvlhFYKVhULwg==}

  '@livekit/components-core@0.12.7':
    resolution: {integrity: sha512-oxP2qlFy2Dqnu2u0ESQgcKF+5LfAMpOZ87FTMXyZ+RFogM3AkU0PWR31+j3tkAMPC9fCrgh4V1lZG3h6LjGTiw==}
    engines: {node: '>=18'}
    peerDependencies:
      livekit-client: ^2.13.1
      tslib: ^2.6.2

  '@livekit/components-react@2.9.9':
    resolution: {integrity: sha512-ZxiHSCNVxNG8XZdJkpJ7+ga/Wl6WRDkZocJGd+eh8F1JRjjqrBL9IesOPzOK0INX9lAaVCe9VqL41B+B5PVdrg==}
    engines: {node: '>=18'}
    peerDependencies:
      '@livekit/krisp-noise-filter': ^0.2.12
      livekit-client: ^2.13.1
      react: '>=18'
      react-dom: '>=18'
      tslib: ^2.6.2
    peerDependenciesMeta:
      '@livekit/krisp-noise-filter':
        optional: true

  '@livekit/mutex@1.1.1':
    resolution: {integrity: sha512-EsshAucklmpuUAfkABPxJNhzj9v2sG7JuzFDL4ML1oJQSV14sqrpTYnsaOudMAw9yOaW53NU3QQTlUQoRs4czw==}

  '@livekit/protocol@1.38.0':
    resolution: {integrity: sha512-XX6ulvsE1XCN18LVf3ydHN7Ri1Z1M1P5dQdjnm5nVDsSqUL12Vbo/4RKcRlCEXAg2qB62mKjcaVLXVwkfXggkg==}

  '@types/dom-mediacapture-record@1.0.22':
    resolution: {integrity: sha512-mUMZLK3NvwRLcAAT9qmcK+9p7tpU2FHdDsntR3YI4+GY88XrgG4XiE7u1Q2LAN2/FZOz/tdMDC3GQCR4T8nFuw==}

  '@types/node@20.17.50':
    resolution: {integrity: sha512-Mxiq0ULv/zo1OzOhwPqOA13I81CV/W3nvd3ChtQZRT5Cwz3cr0FKo/wMSsbTqL3EXpaBAEQhva2B8ByRkOIh9A==}

  '@types/react-dom@19.1.5':
    resolution: {integrity: sha512-CMCjrWucUBZvohgZxkjd6S9h0nZxXjzus6yDfUb+xLxYM7VvjKNH1tQrE9GWLql1XoOP4/Ds3bwFqShHUYraGg==}
    peerDependencies:
      '@types/react': ^19.0.0

  '@types/react@19.1.6':
    resolution: {integrity: sha512-JeG0rEWak0N6Itr6QUx+X60uQmN+5t3j9r/OVDtWzFXKaj6kD1BwJzOksD0FF6iWxZlbE1kB0q9vtnU2ekqa1Q==}

  clsx@2.1.1:
    resolution: {integrity: sha512-eYm0QWBtUrBWZWG0d386OGAw16Z995PiOVo2B7bjWSbHedGl5e0ZWaq65kOGgUSNesEIDkB9ISbTg/JK9dhCZA==}
    engines: {node: '>=6'}

  csstype@3.1.3:
    resolution: {integrity: sha512-M1uQkMl8rQK/szD0LNhtqxIPLpimGm8sOBwU7lLnCpSbTyY3yeU1Vc7l4KT5zT4s/yOxHH5O7tIuuLOCnLADRw==}

  eventemitter3@5.0.1:
    resolution: {integrity: sha512-GWkBvjiSZK87ELrYOSESUYeVIc9mvLLf/nXalMOS5dYrgZq9o5OVkbZAVM06CVxYsCwH9BDZFPlQTlPA1j4ahA==}

  events@3.3.0:
    resolution: {integrity: sha512-mQw+2fkQbALzQ7V0MY0IqdnXNOeTtP4r0lN9z7AAawCXgqea7bDii20AYrIBrFd/Hx0M2Ocz6S111CaFkUcb0Q==}
    engines: {node: '>=0.8.x'}

  framer-motion@12.14.0:
    resolution: {integrity: sha512-P/CLiA+YLc0GL1nB2bgtRBFAbRh0aawU5KPLqnXi6QEZQE2BEwqgIH8qUIT7cMN+4a4nj0iZ2uWTKOrzcYsyGQ==}
    peerDependencies:
      '@emotion/is-prop-valid': '*'
      react: ^18.0.0 || ^19.0.0
      react-dom: ^18.0.0 || ^19.0.0
    peerDependenciesMeta:
      '@emotion/is-prop-valid':
        optional: true
      react:
        optional: true
      react-dom:
        optional: true

  js-tokens@4.0.0:
    resolution: {integrity: sha512-RdJUflcE3cUzKiMqQgsCu06FPu9UdIJO0beYbPhHN4k6apgJtifcoCtT9bcxOpYBtpD2kCM6Sbzg4CausW/PKQ==}

  livekit-client@2.13.3:
    resolution: {integrity: sha512-5lX9bqN2ZKjt1RqJqO1Vz9uplrnCLIpbG3Y8h7z0ui2adk5oahohV0m1F2ZEaIJTfQgXhX1iVbSYrVNwTzwRDQ==}
    peerDependencies:
      '@types/dom-mediacapture-record': ^1

  lodash.debounce@4.0.8:
    resolution: {integrity: sha512-FT1yDzDYEoYWhnSGnpE/4Kj1fLZkDFyqRb7fNt6FdYOSxlUWAtp42Eh6Wb0rGIv/m9Bgo7x4GhQbm5Ys4SG5ow==}

  loglevel@1.9.1:
    resolution: {integrity: sha512-hP3I3kCrDIMuRwAwHltphhDM1r8i55H33GgqjXbrisuJhF4kRhW1dNuxsRklp4bXl8DSdLaNLuiL4A/LWRfxvg==}
    engines: {node: '>= 0.6.0'}

  loglevel@1.9.2:
    resolution: {integrity: sha512-HgMmCqIJSAKqo68l0rS2AanEWfkxaZ5wNiEFb5ggm08lDs9Xl2KxBlX3PTcaD2chBM1gXAYf491/M2Rv8Jwayg==}
    engines: {node: '>= 0.6.0'}

  loose-envify@1.4.0:
    resolution: {integrity: sha512-lyuxPGr/Wfhrlem2CL/UcnUc1zcqKAImBDzukY7Y5F/yQiNdko6+fRLevlw1HgMySw7f611UIY408EtxRSoK3Q==}
    hasBin: true

  motion-dom@12.14.0:
    resolution: {integrity: sha512-t5v1QNXrOsLmIzTdmB9OlZ1cA8zkHlpPhn85123/B+8Xe6tiENWKELAZm0yvAoFjcbFmq4u80uUXortZTTvDbg==}

  motion-utils@12.12.1:
    resolution: {integrity: sha512-f9qiqUHm7hWSLlNW8gS9pisnsN7CRFRD58vNjptKdsqFLpkVnX00TNeD6Q0d27V9KzT7ySFyK1TZ/DShfVOv6w==}

  react-dom@18.3.1:
    resolution: {integrity: sha512-5m4nQKp+rZRb09LNH59GM4BxTh9251/ylbKIbpe7TpGxfJ+9kv6BLkLBXIjjspbgbnIBNqlI23tRnTWT0snUIw==}
    peerDependencies:
      react: ^18.3.1

  react@18.3.1:
    resolution: {integrity: sha512-wS+hAgJShR0KhEvPJArfuPVN1+Hz1t0Y6n5jLrGQbkb4urgPE/0Rve+1kMB1v/oWgHgm4WIcV+i7F2pTVj+2iQ==}
    engines: {node: '>=0.10.0'}

  retell-client-js-sdk@2.0.7:
    resolution: {integrity: sha512-56iFklXfqVZuniEioMPVKylhBqjN+Xk7Mmv8Q/lGyEnvBBi5B9R6WPJDInlcyXltWH1EsXPjLoVgJI9Xpje68w==}

  rxjs@7.8.2:
    resolution: {integrity: sha512-dhKf903U/PQZY6boNNtAGdWbG85WAbjT/1xYoZIC7FAY0yWapOBQVsVrDl58W86//e1VpMNBtRV4MaXfdMySFA==}

  scheduler@0.23.2:
    resolution: {integrity: sha512-UOShsPwz7NrMUqhR6t0hWjFduvOzbtv7toDH1/hIrfRNIDBnnBWd0CwJTGvTpngVlmwGCdP9/Zl/tVrDqcuYzQ==}

  sdp-transform@2.15.0:
    resolution: {integrity: sha512-KrOH82c/W+GYQ0LHqtr3caRpM3ITglq3ljGUIb8LTki7ByacJZ9z+piSGiwZDsRyhQbYBOBJgr2k6X4BZXi3Kw==}
    hasBin: true

  sdp@3.2.0:
    resolution: {integrity: sha512-d7wDPgDV3DDiqulJjKiV2865wKsJ34YI+NDREbm+FySq6WuKOikwyNQcm+doLAZ1O6ltdO0SeKle2xMpN3Brgw==}

  targetai-client-js-sdk@1.0.5:
    resolution: {integrity: sha512-SSPzJzhky4ij3qBUGLL4p5z9nX9Ba9SuM9GW94mC1XgEHOehHQsf4RBUI/l23989Rcvv033AdZOBVmldAeFAuA==}

  ts-debounce@4.0.0:
    resolution: {integrity: sha512-+1iDGY6NmOGidq7i7xZGA4cm8DAa6fqdYcvO5Z6yBevH++Bdo9Qt/mN0TzHUgcCcKv1gmh9+W5dHqz8pMWbCbg==}

  tslib@2.8.1:
    resolution: {integrity: sha512-oJFu94HQb+KVduSUQL7wnpmqnfmLsOA/nAh6b6EH0wCEoK0/mPeXU6c3wKDV83MkOuHPRHtSXKKU99IBazS/2w==}

  typed-emitter@2.1.0:
    resolution: {integrity: sha512-g/KzbYKbH5C2vPkaXGu8DJlHrGKHLsM25Zg9WuC9pMGfuvT+X25tZQWo5fK1BjBm8+UrVE9LDCvaY0CQk+fXDA==}

  typescript@5.8.3:
    resolution: {integrity: sha512-p1diW6TqL9L07nNxvRMM7hMMw4c5XOo/1ibL4aAIGmSAt9slTE1Xgw5KWuof2uTOvCg9BY7ZRi+GaF+7sfgPeQ==}
    engines: {node: '>=14.17'}
    hasBin: true

  undici-types@6.19.8:
    resolution: {integrity: sha512-ve2KP6f/JnbPBFyobGHuerC9g1FYGn/F8n1LWTwNxCEzd6IfqTwUQcNXgEtmmQ6DlRrC1hrSrBnCZPokRrDHjw==}

  usehooks-ts@3.1.1:
    resolution: {integrity: sha512-I4diPp9Cq6ieSUH2wu+fDAVQO43xwtulo+fKEidHUwZPnYImbtkTjzIJYcDcJqxgmX31GVqNFURodvcgHcW0pA==}
    engines: {node: '>=16.15.0'}
    peerDependencies:
      react: ^16.8.0  || ^17 || ^18 || ^19 || ^19.0.0-rc

  webrtc-adapter@9.0.3:
    resolution: {integrity: sha512-5fALBcroIl31OeXAdd1YUntxiZl1eHlZZWzNg3U4Fn+J9/cGL3eT80YlrsWGvj2ojuz1rZr2OXkgCzIxAZ7vRQ==}
    engines: {node: '>=6.0.0', npm: '>=3.10.0'}

snapshots:

  '@bufbuild/protobuf@1.10.1': {}

  '@floating-ui/core@1.7.0':
    dependencies:
      '@floating-ui/utils': 0.2.9

  '@floating-ui/dom@1.6.13':
    dependencies:
      '@floating-ui/core': 1.7.0
      '@floating-ui/utils': 0.2.9

  '@floating-ui/utils@0.2.9': {}

  '@livekit/components-core@0.12.7(livekit-client@2.13.3(@types/dom-mediacapture-record@1.0.22))(tslib@2.8.1)':
    dependencies:
      '@floating-ui/dom': 1.6.13
      livekit-client: 2.13.3(@types/dom-mediacapture-record@1.0.22)
      loglevel: 1.9.1
      rxjs: 7.8.2
      tslib: 2.8.1

  '@livekit/components-react@2.9.9(livekit-client@2.13.3(@types/dom-mediacapture-record@1.0.22))(react-dom@18.3.1(react@18.3.1))(react@18.3.1)(tslib@2.8.1)':
    dependencies:
      '@livekit/components-core': 0.12.7(livekit-client@2.13.3(@types/dom-mediacapture-record@1.0.22))(tslib@2.8.1)
      clsx: 2.1.1
      livekit-client: 2.13.3(@types/dom-mediacapture-record@1.0.22)
      react: 18.3.1
      react-dom: 18.3.1(react@18.3.1)
      tslib: 2.8.1
      usehooks-ts: 3.1.1(react@18.3.1)

  '@livekit/mutex@1.1.1': {}

  '@livekit/protocol@1.38.0':
    dependencies:
      '@bufbuild/protobuf': 1.10.1

  '@types/dom-mediacapture-record@1.0.22': {}

  '@types/node@20.17.50':
    dependencies:
      undici-types: 6.19.8

  '@types/react-dom@19.1.5(@types/react@19.1.6)':
    dependencies:
      '@types/react': 19.1.6

  '@types/react@19.1.6':
    dependencies:
      csstype: 3.1.3

  clsx@2.1.1: {}

  csstype@3.1.3: {}

  eventemitter3@5.0.1: {}

  events@3.3.0: {}

  framer-motion@12.14.0(react-dom@18.3.1(react@18.3.1))(react@18.3.1):
    dependencies:
      motion-dom: 12.14.0
      motion-utils: 12.12.1
      tslib: 2.8.1
    optionalDependencies:
      react: 18.3.1
      react-dom: 18.3.1(react@18.3.1)

  js-tokens@4.0.0: {}

  livekit-client@2.13.3(@types/dom-mediacapture-record@1.0.22):
    dependencies:
      '@livekit/mutex': 1.1.1
      '@livekit/protocol': 1.38.0
      '@types/dom-mediacapture-record': 1.0.22
      events: 3.3.0
      loglevel: 1.9.2
      sdp-transform: 2.15.0
      ts-debounce: 4.0.0
      tslib: 2.8.1
      typed-emitter: 2.1.0
      webrtc-adapter: 9.0.3

  lodash.debounce@4.0.8: {}

  loglevel@1.9.1: {}

  loglevel@1.9.2: {}

  loose-envify@1.4.0:
    dependencies:
      js-tokens: 4.0.0

  motion-dom@12.14.0:
    dependencies:
      motion-utils: 12.12.1

  motion-utils@12.12.1: {}

  react-dom@18.3.1(react@18.3.1):
    dependencies:
      loose-envify: 1.4.0
      react: 18.3.1
      scheduler: 0.23.2

  react@18.3.1:
    dependencies:
      loose-envify: 1.4.0

  retell-client-js-sdk@2.0.7(@types/dom-mediacapture-record@1.0.22):
    dependencies:
      eventemitter3: 5.0.1
      livekit-client: 2.13.3(@types/dom-mediacapture-record@1.0.22)
    transitivePeerDependencies:
      - '@types/dom-mediacapture-record'

  rxjs@7.8.2:
    dependencies:
      tslib: 2.8.1

  scheduler@0.23.2:
    dependencies:
      loose-envify: 1.4.0

  sdp-transform@2.15.0: {}

  sdp@3.2.0: {}

  targetai-client-js-sdk@1.0.5:
    dependencies:
      tslib: 2.8.1

  ts-debounce@4.0.0: {}

  tslib@2.8.1: {}

  typed-emitter@2.1.0:
    optionalDependencies:
      rxjs: 7.8.2

  typescript@5.8.3: {}

  undici-types@6.19.8: {}

  usehooks-ts@3.1.1(react@18.3.1):
    dependencies:
      lodash.debounce: 4.0.8
      react: 18.3.1

  webrtc-adapter@9.0.3:
    dependencies:
      sdp: 3.2.0
